
Microsoft Visual Studio Solution File, Format Version 12.00
# Visual Studio Version 16
VisualStudioVersion = 16.0.29709.97
MinimumVisualStudioVersion = 10.0.40219.1
Project("{FAE04EC0-301F-11D3-BF4B-00C04F79EFBC}") = "pr1-01-upr2 pankov", "pr1-01-upr2 pankov\pr1-01-upr2 pankov.csproj", "{6A8CEA51-B512-4C75-BF83-C8EA24CD9327}"
EndProject
Global
	GlobalSection(SolutionConfigurationPlatforms) = preSolution
		Debug|Any CPU = Debug|Any CPU
		Release|Any CPU = Release|Any CPU
	EndGlobalSection
	GlobalSection(ProjectConfigurationPlatforms) = postSolution
		{6A8CEA51-B512-4C75-BF83-C8EA24CD9327}.Debug|Any CPU.ActiveCfg = Debug|Any CPU
		{6A8CEA51-B512-4C75-BF83-C8EA24CD9327}.Debug|Any CPU.Build.0 = Debug|Any CPU
		{6A8CEA51-B512-4C75-BF83-C8EA24CD9327}.Release|Any CPU.ActiveCfg = Release|Any CPU
		{6A8CEA51-B512-4C75-BF83-C8EA24CD9327}.Release|Any CPU.Build.0 = Release|Any CPU
	EndGlobalSection
	GlobalSection(SolutionProperties) = preSolution
		HideSolutionNode = FALSE
	EndGlobalSection
	GlobalSection(ExtensibilityGlobals) = postSolution
		SolutionGuid = {837F29D2-0046-4D0B-B383-9463A5134626}
	EndGlobalSection
EndGlobal
