
Microsoft Visual Studio Solution File, Format Version 12.00
# Visual Studio Version 16
VisualStudioVersion = 16.0.29709.97
MinimumVisualStudioVersion = 10.0.40219.1
Project("{FAE04EC0-301F-11D3-BF4B-00C04F79EFBC}") = "pr1-01-upr1 pankov", "pr1-01-upr1 pankov\pr1-01-upr1 pankov.csproj", "{D46EAC39-B3F1-4FF2-B243-C3671555F95B}"
EndProject
Global
	GlobalSection(SolutionConfigurationPlatforms) = preSolution
		Debug|Any CPU = Debug|Any CPU
		Release|Any CPU = Release|Any CPU
	EndGlobalSection
	GlobalSection(ProjectConfigurationPlatforms) = postSolution
		{D46EAC39-B3F1-4FF2-B243-C3671555F95B}.Debug|Any CPU.ActiveCfg = Debug|Any CPU
		{D46EAC39-B3F1-4FF2-B243-C3671555F95B}.Debug|Any CPU.Build.0 = Debug|Any CPU
		{D46EAC39-B3F1-4FF2-B243-C3671555F95B}.Release|Any CPU.ActiveCfg = Release|Any CPU
		{D46EAC39-B3F1-4FF2-B243-C3671555F95B}.Release|Any CPU.Build.0 = Release|Any CPU
	EndGlobalSection
	GlobalSection(SolutionProperties) = preSolution
		HideSolutionNode = FALSE
	EndGlobalSection
	GlobalSection(ExtensibilityGlobals) = postSolution
		SolutionGuid = {5B090AF7-A5BC-4CD5-BDB9-2A1ADFEE4016}
	EndGlobalSection
EndGlobal
